// !$*UTF8*$!
{
	archiveVersion = 1;
	classes = {
	};
	objectVersion = 77;
	objects = {

/* Begin PBXContainerItemProxy section */
		5C3B18062EBCF1610045F1A1 /* PBXContainerItemProxy */ = {
			isa = PBXContainerItemProxy;
			containerPortal = 5C3B17ED2EBCF1600045F1A1 /* Project object */;
			proxyType = 1;
			remoteGlobalIDString = 5C3B17F42EBCF1600045F1A1;
			remoteInfo = milestones;
		};
		5C3B18102EBCF1610045F1A1 /* PBXContainerItemProxy */ = {
			isa = PBXContainerItemProxy;
			containerPortal = 5C3B17ED2EBCF1600045F1A1 /* Project object */;
			proxyType = 1;
			remoteGlobalIDString = 5C3B17F42EBCF1600045F1A1;
			remoteInfo = milestones;
		};
/* End PBXContainerItemProxy section */

/* Begin PBXFileReference section */
		5C3B17F52EBCF1600045F1A1 /* milestones.app */ = {isa = PBXFileReference; explicitFileType = wrapper.application; includeInIndex = 0; path = milestones.app; sourceTree = BUILT_PRODUCTS_DIR; };
		5C3B18052EBCF1610045F1A1 /* milestonesTests.xctest */ = {isa = PBXFileReference; explicitFileType = wrapper.cfbundle; includeInIndex = 0; path = milestonesTests.xctest; sourceTree = BUILT_PRODUCTS_DIR; };
		5C3B180F2EBCF1610045F1A1 /* milestonesUITests.xctest */ = {isa = PBXFileReference; explicitFileType = wrapper.cfbundle; includeInIndex = 0; path = milestonesUITests.xctest; sourceTree = BUILT_PRODUCTS_DIR; };
/* End PBXFileReference section */

/* Begin PBXFileSystemSynchronizedBuildFileExceptionSet section */
		5C3B18552EBCF5BE0045F1A1 /* Exceptions for "milestones" folder in "milestonesTests" target */ = {
			isa = PBXFileSystemSynchronizedBuildFileExceptionSet;
			membershipExceptions = (
				GetStartedScreen.swift,
				SplashScreen.swift,
			);
			target = 5C3B18042EBCF1610045F1A1 /* milestonesTests */;
		};
		5C3B18562EBCF5BE0045F1A1 /* Exceptions for "milestones" folder in "milestonesUITests" target */ = {
			isa = PBXFileSystemSynchronizedBuildFileExceptionSet;
			membershipExceptions = (
				GetStartedScreen.swift,
				SplashScreen.swift,
			);
			target = 5C3B180E2EBCF1610045F1A1 /* milestonesUITests */;
		};
/* End PBXFileSystemSynchronizedBuildFileExceptionSet section */

/* Begin PBXFileSystemSynchronizedRootGroup section */
		5C3B17F72EBCF1600045F1A1 /* milestones */ = {
			isa = PBXFileSystemSynchronizedRootGroup;
			exceptions = (
				5C3B18552EBCF5BE0045F1A1 /* Exceptions for "milestones" folder in "milestonesTests" target */,
				5C3B18562EBCF5BE0045F1A1 /* Exceptions for "milestones" folder in "milestonesUITests" target */,
			);
			path = milestones;
			sourceTree = "<group>";
		};
		5C3B18082EBCF1610045F1A1 /* milestonesTests */ = {
			isa = PBXFileSystemSynchronizedRootGroup;
			path = milestonesTests;
			sourceTree = "<group>";
		};
		5C3B18122EBCF1610045F1A1 /* milestonesUITests */ = {
			isa = PBXFileSystemSynchronizedRootGroup;
			path = milestonesUITests;
			sourceTree = "<group>";
		};
/* End PBXFileSystemSynchronizedRootGroup section */

/* Begin PBXFrameworksBuildPhase section */
		5C3B17F22EBCF1600045F1A1 /* Frameworks */ = {
			isa = PBXFrameworksBuildPhase;
			buildActionMask = 2147483647;
			files = (
			);
			runOnlyForDeploymentPostprocessing = 0;
		};
		5C3B18022EBCF1610045F1A1 /* Frameworks */ = {
			isa = PBXFrameworksBuildPhase;
			buildActionMask = 2147483647;
			files = (
			);
			runOnlyForDeploymentPostprocessing = 0;
		};
		5C3B180C2EBCF1610045F1A1 /* Frameworks */ = {
			isa = PBXFrameworksBuildPhase;
			buildActionMask = 2147483647;
			files = (
			);
			runOnlyForDeploymentPostprocessing = 0;
		};
/* End PBXFrameworksBuildPhase section */

/* Begin PBXGroup section */
		5C3B17EC2EBCF1600045F1A1 = {
			isa = PBXGroup;
			children = (
				5C3B17F72EBCF1600045F1A1 /* milestones */,
				5C3B18082EBCF1610045F1A1 /* milestonesTests */,
				5C3B18122EBCF1610045F1A1 /* milestonesUITests */,
				5C3B17F62EBCF1600045F1A1 /* Products */,
			);
			sourceTree = "<group>";
		};
		5C3B17F62EBCF1600045F1A1 /* Products */ = {
			isa = PBXGroup;
			children = (
				5C3B17F52EBCF1600045F1A1 /* milestones.app */,
				5C3B18052EBCF1610045F1A1 /* milestonesTests.xctest */,
				5C3B180F2EBCF1610045F1A1 /* milestonesUITests.xctest */,
			);
			name = Products;
			sourceTree = "<group>";
		};
/* End PBXGroup section */

/* Begin PBXNativeTarget section */
		5C3B17F42EBCF1600045F1A1 /* milestones */ = {
			isa = PBXNativeTarget;
			buildConfigurationList = 5C3B18192EBCF1610045F1A1 /* Build configuration list for PBXNativeTarget "milestones" */;
			buildPhases = (
				5C3B17F12EBCF1600045F1A1 /* Sources */,
				5C3B17F22EBCF1600045F1A1 /* Frameworks */,
				5C3B17F32EBCF1600045F1A1 /* Resources */,
			);
			buildRules = (
			);
			dependencies = (
			);
			fileSystemSynchronizedGroups = (
				5C3B17F72EBCF1600045F1A1 /* milestones */,
			);
			name = milestones;
			packageProductDependencies = (
			);
			productName = milestones;
			productReference = 5C3B17F52EBCF1600045F1A1 /* milestones.app */;
			productType = "com.apple.product-type.application";
		};
		5C3B18042EBCF1610045F1A1 /* milestonesTests */ = {
			isa = PBXNativeTarget;
			buildConfigurationList = 5C3B181C2EBCF1610045F1A1 /* Build configuration list for PBXNativeTarget "milestonesTests" */;
			buildPhases = (
				5C3B18012EBCF1610045F1A1 /* Sources */,
				5C3B18022EBCF1610045F1A1 /* Frameworks */,
				5C3B18032EBCF1610045F1A1 /* Resources */,
			);
			buildRules = (
			);
			dependencies = (
				5C3B18072EBCF1610045F1A1 /* PBXTargetDependency */,
			);
			fileSystemSynchronizedGroups = (
				5C3B18082EBCF1610045F1A1 /* milestonesTests */,
			);
			name = milestonesTests;
			packageProductDependencies = (
			);
			productName = milestonesTests;
			productReference = 5C3B18052EBCF1610045F1A1 /* milestonesTests.xctest */;
			productType = "com.apple.product-type.bundle.unit-test";
		};
		5C3B180E2EBCF1610045F1A1 /* milestonesUITests */ = {
			isa = PBXNativeTarget;
			buildConfigurationList = 5C3B181F2EBCF1610045F1A1 /* Build configuration list for PBXNativeTarget "milestonesUITests" */;
			buildPhases = (
				5C3B180B2EBCF1610045F1A1 /* Sources */,
				5C3B180C2EBCF1610045F1A1 /* Frameworks */,
				5C3B180D2EBCF1610045F1A1 /* Resources */,
			);
			buildRules = (
			);
			dependencies = (
				5C3B18112EBCF1610045F1A1 /* PBXTargetDependency */,
			);
			fileSystemSynchronizedGroups = (
				5C3B18122EBCF1610045F1A1 /* milestonesUITests */,
			);
			name = milestonesUITests;
			packageProductDependencies = (
			);
			productName = milestonesUITests;
			productReference = 5C3B180F2EBCF1610045F1A1 /* milestonesUITests.xctest */;
			productType = "com.apple.product-type.bundle.ui-testing";
		};
/* End PBXNativeTarget section */

/* Begin PBXProject section */
		5C3B17ED2EBCF1600045F1A1 /* Project object */ = {
			isa = PBXProject;
			attributes = {
				BuildIndependentTargetsInParallel = 1;
				LastSwiftUpdateCheck = 1620;
				LastUpgradeCheck = 1620;
				TargetAttributes = {
					5C3B17F42EBCF1600045F1A1 = {
						CreatedOnToolsVersion = 16.2;
					};
					5C3B18042EBCF1610045F1A1 = {
						CreatedOnToolsVersion = 16.2;
						TestTargetID = 5C3B17F42EBCF1600045F1A1;
					};
					5C3B180E2EBCF1610045F1A1 = {
						CreatedOnToolsVersion = 16.2;
						TestTargetID = 5C3B17F42EBCF1600045F1A1;
					};
				};
			};
			buildConfigurationList = 5C3B17F02EBCF1600045F1A1 /* Build configuration list for PBXProject "milestones" */;
			developmentRegion = en;
			hasScannedForEncodings = 0;
			knownRegions = (
				en,
				Base,
			);
			mainGroup = 5C3B17EC2EBCF1600045F1A1;
			minimizedProjectReferenceProxies = 1;
			preferredProjectObjectVersion = 77;
			productRefGroup = 5C3B17F62EBCF1600045F1A1 /* Products */;
			projectDirPath = "";
			projectRoot = "";
			targets = (
				5C3B17F42EBCF1600045F1A1 /* milestones */,
				5C3B18042EBCF1610045F1A1 /* milestonesTests */,
				5C3B180E2EBCF1610045F1A1 /* milestonesUITests */,
			);
		};
/* End PBXProject section */

/* Begin PBXResourcesBuildPhase section */
		5C3B17F32EBCF1600045F1A1 /* Resources */ = {
			isa = PBXResourcesBuildPhase;
			buildActionMask = 2147483647;
			files = (
			);
			runOnlyForDeploymentPostprocessing = 0;
		};
		5C3B18032EBCF1610045F1A1 /* Resources */ = {
			isa = PBXResourcesBuildPhase;
			buildActionMask = 2147483647;
			files = (
			);
			runOnlyForDeploymentPostprocessing = 0;
		};
		5C3B180D2EBCF1610045F1A1 /* Resources */ = {
			isa = PBXResourcesBuildPhase;
			buildActionMask = 2147483647;
			files = (
			);
			runOnlyForDeploymentPostprocessing = 0;
		};
/* End PBXResourcesBuildPhase section */

/* Begin PBXSourcesBuildPhase section */
		5C3B17F12EBCF1600045F1A1 /* Sources */ = {
			isa = PBXSourcesBuildPhase;
			buildActionMask = 2147483647;
			files = (
			);
			runOnlyForDeploymentPostprocessing = 0;
		};
		5C3B18012EBCF1610045F1A1 /* Sources */ = {
			isa = PBXSourcesBuildPhase;
			buildActionMask = 2147483647;
			files = (
			);
			runOnlyForDeploymentPostprocessing = 0;
		};
		5C3B180B2EBCF1610045F1A1 /* Sources */ = {
			isa = PBXSourcesBuildPhase;
			buildActionMask = 2147483647;
			files = (
			);
			runOnlyForDeploymentPostprocessing = 0;
		};
/* End PBXSourcesBuildPhase section */

/* Begin PBXTargetDependency section */
		5C3B18072EBCF1610045F1A1 /* PBXTargetDependency */ = {
			isa = PBXTargetDependency;
			target = 5C3B17F42EBCF1600045F1A1 /* milestones */;
			targetProxy = 5C3B18062EBCF1610045F1A1 /* PBXContainerItemProxy */;
		};
		5C3B18112EBCF1610045F1A1 /* PBXTargetDependency */ = {
			isa = PBXTargetDependency;
			target = 5C3B17F42EBCF1600045F1A1 /* milestones */;
			targetProxy = 5C3B18102EBCF1610045F1A1 /* PBXContainerItemProxy */;
		};
/* End PBXTargetDependency section */

/* Begin XCBuildConfiguration section */
		5C3B18172EBCF1610045F1A1 /* Debug */ = {
			isa = XCBuildConfiguration;
			buildSettings = {
				ALWAYS_SEARCH_USER_PATHS = NO;
				ASSETCATALOG_COMPILER_GENERATE_SWIFT_ASSET_SYMBOL_EXTENSIONS = YES;
				CLANG_ANALYZER_NONNULL = YES;
				CLANG_ANALYZER_NUMBER_OBJECT_CONVERSION = YES_AGGRESSIVE;
				CLANG_CXX_LANGUAGE_STANDARD = "gnu++20";
				CLANG_ENABLE_MODULES = YES;
				CLANG_ENABLE_OBJC_ARC = YES;
				CLANG_ENABLE_OBJC_WEAK = YES;
				CLANG_WARN_BLOCK_CAPTURE_AUTORELEASING = YES;
				CLANG_WARN_BOOL_CONVERSION = YES;
				CLANG_WARN_COMMA = YES;
				CLANG_WARN_CONSTANT_CONVERSION = YES;
				CLANG_WARN_DEPRECATED_OBJC_IMPLEMENTATIONS = YES;
				CLANG_WARN_DIRECT_OBJC_ISA_USAGE = YES_ERROR;
				CLANG_WARN_DOCUMENTATION_COMMENTS = YES;
				CLANG_WARN_EMPTY_BODY = YES;
				CLANG_WARN_ENUM_CONVERSION = YES;
				CLANG_WARN_INFINITE_RECURSION = YES;
				CLANG_WARN_INT_CONVERSION = YES;
				CLANG_WARN_NON_LITERAL_NULL_CONVERSION = YES;
				CLANG_WARN_OBJC_IMPLICIT_RETAIN_SELF = YES;
				CLANG_WARN_OBJC_LITERAL_CONVERSION = YES;
				CLANG_WARN_OBJC_ROOT_CLASS = YES_ERROR;
				CLANG_WARN_QUOTED_INCLUDE_IN_FRAMEWORK_HEADER = YES;
				CLANG_WARN_RANGE_LOOP_ANALYSIS = YES;
				CLANG_WARN_STRICT_PROTOTYPES = YES;
				CLANG_WARN_SUSPICIOUS_MOVE = YES;
				CLANG_WARN_UNGUARDED_AVAILABILITY = YES_AGGRESSIVE;
				CLANG_WARN_UNREACHABLE_CODE = YES;
				CLANG_WARN__DUPLICATE_METHOD_MATCH = YES;
				COPY_PHASE_STRIP = NO;
				DEBUG_INFORMATION_FORMAT = dwarf;
				ENABLE_STRICT_OBJC_MSGSEND = YES;
				ENABLE_TESTABILITY = YES;
				ENABLE_USER_SCRIPT_SANDBOXING = YES;
				GCC_C_LANGUAGE_STANDARD = gnu17;
				GCC_DYNAMIC_NO_PIC = NO;
				GCC_NO_COMMON_BLOCKS = YES;
				GCC_OPTIMIZATION_LEVEL = 0;
				GCC_PREPROCESSOR_DEFINITIONS = (
					"DEBUG=1",
					"$(inherited)",
				);
				GCC_WARN_64_TO_32_BIT_CONVERSION = YES;
				GCC_WARN_ABOUT_RETURN_TYPE = YES_ERROR;
				GCC_WARN_UNDECLARED_SELECTOR = YES;
				GCC_WARN_UNINITIALIZED_AUTOS = YES_AGGRESSIVE;
				GCC_WARN_UNUSED_FUNCTION = YES;
				GCC_WARN_UNUSED_VARIABLE = YES;
				IPHONEOS_DEPLOYMENT_TARGET = 18.2;
				LOCALIZATION_PREFERS_STRING_CATALOGS = YES;
				MTL_ENABLE_DEBUG_INFO = INCLUDE_SOURCE;
				MTL_FAST_MATH = YES;
				ONLY_ACTIVE_ARCH = YES;
				SDKROOT = iphoneos;
				SWIFT_ACTIVE_COMPILATION_CONDITIONS = "DEBUG $(inherited)";
				SWIFT_OPTIMIZATION_LEVEL = "-Onone";
			};
			name = Debug;
		};
		5C3B18182EBCF1610045F1A1 /* Release */ = {
			isa = XCBuildConfiguration;
			buildSettings = {
				ALWAYS_SEARCH_USER_PATHS = NO;
				ASSETCATALOG_COMPILER_GENERATE_SWIFT_ASSET_SYMBOL_EXTENSIONS = YES;
				CLANG_ANALYZER_NONNULL = YES;
				CLANG_ANALYZER_NUMBER_OBJECT_CONVERSION = YES_AGGRESSIVE;
				CLANG_CXX_LANGUAGE_STANDARD = "gnu++20";
				CLANG_ENABLE_MODULES = YES;
				CLANG_ENABLE_OBJC_ARC = YES;
				CLANG_ENABLE_OBJC_WEAK = YES;
				CLANG_WARN_BLOCK_CAPTURE_AUTORELEASING = YES;
				CLANG_WARN_BOOL_CONVERSION = YES;
				CLANG_WARN_COMMA = YES;
				CLANG_WARN_CONSTANT_CONVERSION = YES;
				CLANG_WARN_DEPRECATED_OBJC_IMPLEMENTATIONS = YES;
				CLANG_WARN_DIRECT_OBJC_ISA_USAGE = YES_ERROR;
				CLANG_WARN_DOCUMENTATION_COMMENTS = YES;
				CLANG_WARN_EMPTY_BODY = YES;
				CLANG_WARN_ENUM_CONVERSION = YES;
				CLANG_WARN_INFINITE_RECURSION = YES;
				CLANG_WARN_INT_CONVERSION = YES;
				CLANG_WARN_NON_LITERAL_NULL_CONVERSION = YES;
				CLANG_WARN_OBJC_IMPLICIT_RETAIN_SELF = YES;
				CLANG_WARN_OBJC_LITERAL_CONVERSION = YES;
				CLANG_WARN_OBJC_ROOT_CLASS = YES_ERROR;
				CLANG_WARN_QUOTED_INCLUDE_IN_FRAMEWORK_HEADER = YES;
				CLANG_WARN_RANGE_LOOP_ANALYSIS = YES;
				CLANG_WARN_STRICT_PROTOTYPES = YES;
				CLANG_WARN_SUSPICIOUS_MOVE = YES;
				CLANG_WARN_UNGUARDED_AVAILABILITY = YES_AGGRESSIVE;
				CLANG_WARN_UNREACHABLE_CODE = YES;
				CLANG_WARN__DUPLICATE_METHOD_MATCH = YES;
				COPY_PHASE_STRIP = NO;
				DEBUG_INFORMATION_FORMAT = "dwarf-with-dsym";
				ENABLE_NS_ASSERTIONS = NO;
				ENABLE_STRICT_OBJC_MSGSEND = YES;
				ENABLE_USER_SCRIPT_SANDBOXING = YES;
				GCC_C_LANGUAGE_STANDARD = gnu17;
				GCC_NO_COMMON_BLOCKS = YES;
				GCC_WARN_64_TO_32_BIT_CONVERSION = YES;
				GCC_WARN_ABOUT_RETURN_TYPE = YES_ERROR;
				GCC_WARN_UNDECLARED_SELECTOR = YES;
				GCC_WARN_UNINITIALIZED_AUTOS = YES_AGGRESSIVE;
				GCC_WARN_UNUSED_FUNCTION = YES;
				GCC_WARN_UNUSED_VARIABLE = YES;
				IPHONEOS_DEPLOYMENT_TARGET = 18.2;
				LOCALIZATION_PREFERS_STRING_CATALOGS = YES;
				MTL_ENABLE_DEBUG_INFO = NO;
				MTL_FAST_MATH = YES;
				SDKROOT = iphoneos;
				SWIFT_COMPILATION_MODE = wholemodule;
				VALIDATE_PRODUCT = YES;
			};
			name = Release;
		};
		5C3B181A2EBCF1610045F1A1 /* Debug */ = {
			isa = XCBuildConfiguration;
			buildSettings = {
				ASSETCATALOG_COMPILER_APPICON_NAME = AppIcon;
				ASSETCATALOG_COMPILER_GLOBAL_ACCENT_COLOR_NAME = AccentColor;
				CODE_SIGN_STYLE = Automatic;
				CURRENT_PROJECT_VERSION = 1;
				DEVELOPMENT_ASSET_PATHS = "\"milestones/Preview Content\"";
				DEVELOPMENT_TEAM = 456W9WT6L3;
				ENABLE_PREVIEWS = YES;
				GENERATE_INFOPLIST_FILE = YES;
				INFOPLIST_KEY_UIApplicationSceneManifest_Generation = YES;
				INFOPLIST_KEY_UIApplicationSupportsIndirectInputEvents = YES;
				INFOPLIST_KEY_UILaunchScreen_Generation = YES;
				INFOPLIST_KEY_UISupportedInterfaceOrientations_iPad = "UIInterfaceOrientationPortrait UIInterfaceOrientationPortraitUpsideDown UIInterfaceOrientationLandscapeLeft UIInterfaceOrientationLandscapeRight";
				INFOPLIST_KEY_UISupportedInterfaceOrientations_iPhone = "UIInterfaceOrientationPortrait UIInterfaceOrientationLandscapeLeft UIInterfaceOrientationLandscapeRight";
				LD_RUNPATH_SEARCH_PATHS = (
					"$(inherited)",
					"@executable_path/Frameworks",
				);
				MARKETING_VERSION = 1.0;
				PRODUCT_BUNDLE_IDENTIFIER = come.maryambahwal.milestones;
				PRODUCT_NAME = "$(TARGET_NAME)";
				SWIFT_EMIT_LOC_STRINGS = YES;
				SWIFT_VERSION = 5.0;
				TARGETED_DEVICE_FAMILY = "1,2";
			};
			name = Debug;
		};
		5C3B181B2EBCF1610045F1A1 /* Release */ = {
			isa = XCBuildConfiguration;
			buildSettings = {
				ASSETCATALOG_COMPILER_APPICON_NAME = AppIcon;
				ASSETCATALOG_COMPILER_GLOBAL_ACCENT_COLOR_NAME = AccentColor;
				CODE_SIGN_STYLE = Automatic;
				CURRENT_PROJECT_VERSION = 1;
				DEVELOPMENT_ASSET_PATHS = "\"milestones/Preview Content\"";
				DEVELOPMENT_TEAM = 456W9WT6L3;
				ENABLE_PREVIEWS = YES;
				GENERATE_INFOPLIST_FILE = YES;
				INFOPLIST_KEY_UIApplicationSceneManifest_Generation = YES;
				INFOPLIST_KEY_UIApplicationSupportsIndirectInputEvents = YES;
				INFOPLIST_KEY_UILaunchScreen_Generation = YES;
				INFOPLIST_KEY_UISupportedInterfaceOrientations_iPad = "UIInterfaceOrientationPortrait UIInterfaceOrientationPortraitUpsideDown UIInterfaceOrientationLandscapeLeft UIInterfaceOrientationLandscapeRight";
				INFOPLIST_KEY_UISupportedInterfaceOrientations_iPhone = "UIInterfaceOrientationPortrait UIInterfaceOrientationLandscapeLeft UIInterfaceOrientationLandscapeRight";
				LD_RUNPATH_SEARCH_PATHS = (
					"$(inherited)",
					"@executable_path/Frameworks",
				);
				MARKETING_VERSION = 1.0;
				PRODUCT_BUNDLE_IDENTIFIER = come.maryambahwal.milestones;
				PRODUCT_NAME = "$(TARGET_NAME)";
				SWIFT_EMIT_LOC_STRINGS = YES;
				SWIFT_VERSION = 5.0;
				TARGETED_DEVICE_FAMILY = "1,2";
			};
			name = Release;
		};
		5C3B181D2EBCF1610045F1A1 /* Debug */ = {
			isa = XCBuildConfiguration;
			buildSettings = {
				BUNDLE_LOADER = "$(TEST_HOST)";
				CODE_SIGN_STYLE = Automatic;
				CURRENT_PROJECT_VERSION = 1;
				DEVELOPMENT_TEAM = 456W9WT6L3;
				GENERATE_INFOPLIST_FILE = YES;
				IPHONEOS_DEPLOYMENT_TARGET = 18.2;
				MARKETING_VERSION = 1.0;
				PRODUCT_BUNDLE_IDENTIFIER = come.maryambahwal.milestonesTests;
				PRODUCT_NAME = "$(TARGET_NAME)";
				SWIFT_EMIT_LOC_STRINGS = NO;
				SWIFT_VERSION = 5.0;
				TARGETED_DEVICE_FAMILY = "1,2";
				TEST_HOST = "$(BUILT_PRODUCTS_DIR)/milestones.app/$(BUNDLE_EXECUTABLE_FOLDER_PATH)/milestones";
			};
			name = Debug;
		};
		5C3B181E2EBCF1610045F1A1 /* Release */ = {
			isa = XCBuildConfiguration;
			buildSettings = {
				BUNDLE_LOADER = "$(TEST_HOST)";
				CODE_SIGN_STYLE = Automatic;
				CURRENT_PROJECT_VERSION = 1;
				DEVELOPMENT_TEAM = 456W9WT6L3;
				GENERATE_INFOPLIST_FILE = YES;
				IPHONEOS_DEPLOYMENT_TARGET = 18.2;
				MARKETING_VERSION = 1.0;
				PRODUCT_BUNDLE_IDENTIFIER = come.maryambahwal.milestonesTests;
				PRODUCT_NAME = "$(TARGET_NAME)";
				SWIFT_EMIT_LOC_STRINGS = NO;
				SWIFT_VERSION = 5.0;
				TARGETED_DEVICE_FAMILY = "1,2";
				TEST_HOST = "$(BUILT_PRODUCTS_DIR)/milestones.app/$(BUNDLE_EXECUTABLE_FOLDER_PATH)/milestones";
			};
			name = Release;
		};
		5C3B18202EBCF1610045F1A1 /* Debug */ = {
			isa = XCBuildConfiguration;
			buildSettings = {
				CODE_SIGN_STYLE = Automatic;
				CURRENT_PROJECT_VERSION = 1;
				DEVELOPMENT_TEAM = 456W9WT6L3;
				GENERATE_INFOPLIST_FILE = YES;
				MARKETING_VERSION = 1.0;
				PRODUCT_BUNDLE_IDENTIFIER = come.maryambahwal.milestonesUITests;
				PRODUCT_NAME = "$(TARGET_NAME)";
				SWIFT_EMIT_LOC_STRINGS = NO;
				SWIFT_VERSION = 5.0;
				TARGETED_DEVICE_FAMILY = "1,2";
				TEST_TARGET_NAME = milestones;
			};
			name = Debug;
		};
		5C3B18212EBCF1610045F1A1 /* Release */ = {
			isa = XCBuildConfiguration;
			buildSettings = {
				CODE_SIGN_STYLE = Automatic;
				CURRENT_PROJECT_VERSION = 1;
				DEVELOPMENT_TEAM = 456W9WT6L3;
				GENERATE_INFOPLIST_FILE = YES;
				MARKETING_VERSION = 1.0;
				PRODUCT_BUNDLE_IDENTIFIER = come.maryambahwal.milestonesUITests;
				PRODUCT_NAME = "$(TARGET_NAME)";
				SWIFT_EMIT_LOC_STRINGS = NO;
				SWIFT_VERSION = 5.0;
				TARGETED_DEVICE_FAMILY = "1,2";
				TEST_TARGET_NAME = milestones;
			};
			name = Release;
		};
/* End XCBuildConfiguration section */

/* Begin XCConfigurationList section */
		5C3B17F02EBCF1600045F1A1 /* Build configuration list for PBXProject "milestones" */ = {
			isa = XCConfigurationList;
			buildConfigurations = (
				5C3B18172EBCF1610045F1A1 /* Debug */,
				5C3B18182EBCF1610045F1A1 /* Release */,
			);
			defaultConfigurationIsVisible = 0;
			defaultConfigurationName = Release;
		};
		5C3B18192EBCF1610045F1A1 /* Build configuration list for PBXNativeTarget "milestones" */ = {
			isa = XCConfigurationList;
			buildConfigurations = (
				5C3B181A2EBCF1610045F1A1 /* Debug */,
				5C3B181B2EBCF1610045F1A1 /* Release */,
			);
			defaultConfigurationIsVisible = 0;
			defaultConfigurationName = Release;
		};
		5C3B181C2EBCF1610045F1A1 /* Build configuration list for PBXNativeTarget "milestonesTests" */ = {
			isa = XCConfigurationList;
			buildConfigurations = (
				5C3B181D2EBCF1610045F1A1 /* Debug */,
				5C3B181E2EBCF1610045F1A1 /* Release */,
			);
			defaultConfigurationIsVisible = 0;
			defaultConfigurationName = Release;
		};
		5C3B181F2EBCF1610045F1A1 /* Build configuration list for PBXNativeTarget "milestonesUITests" */ = {
			isa = XCConfigurationList;
			buildConfigurations = (
				5C3B18202EBCF1610045F1A1 /* Debug */,
				5C3B18212EBCF1610045F1A1 /* Release */,
			);
			defaultConfigurationIsVisible = 0;
			defaultConfigurationName = Release;
		};
/* End XCConfigurationList section */
	};
	rootObject = 5C3B17ED2EBCF1600045F1A1 /* Project object */;
}
